// !$*UTF8*$!
{
	archiveVersion = 1;
	classes = {
	};
	objectVersion = 48;
	objects = {

/* Begin PBXBuildFile section */
		18CCFD172088A8AE00EAAF1C /* AppDelegate.m in Sources */ = {isa = PBXBuildFile; fileRef = 18CCFD162088A8AE00EAAF1C /* AppDelegate.m */; };
		18CCFD1A2088A8AE00EAAF1C /* ViewController.m in Sources */ = {isa = PBXBuildFile; fileRef = 18CCFD192088A8AE00EAAF1C /* ViewController.m */; };
		18CCFD1D2088A8AE00EAAF1C /* Main.storyboard in Resources */ = {isa = PBXBuildFile; fileRef = 18CCFD1B2088A8AE00EAAF1C /* Main.storyboard */; };
		18CCFD1F2088A8AE00EAAF1C /* Assets.xcassets in Resources */ = {isa = PBXBuildFile; fileRef = 18CCFD1E2088A8AE00EAAF1C /* Assets.xcassets */; };
		18CCFD222088A8AE00EAAF1C /* LaunchScreen.storyboard in Resources */ = {isa = PBXBuildFile; fileRef = 18CCFD202088A8AE00EAAF1C /* LaunchScreen.storyboard */; };
		18CCFD252088A8AE00EAAF1C /* main.m in Sources */ = {isa = PBXBuildFile; fileRef = 18CCFD242088A8AE00EAAF1C /* main.m */; };
		18CCFD332088A9CB00EAAF1C /* YFGoods_TCell3.m in Sources */ = {isa = PBXBuildFile; fileRef = 18CCFD2E2088A9CB00EAAF1C /* YFGoods_TCell3.m */; };
		18CCFD342088A9CB00EAAF1C /* YFStore_header.m in Sources */ = {isa = PBXBuildFile; fileRef = 18CCFD302088A9CB00EAAF1C /* YFStore_header.m */; };
		18CCFD352088A9CB00EAAF1C /* YFStore_SectionView.m in Sources */ = {isa = PBXBuildFile; fileRef = 18CCFD322088A9CB00EAAF1C /* YFStore_SectionView.m */; };
		18CCFD412088AA2300EAAF1C /* YFCompanyStoreVC.m in Sources */ = {isa = PBXBuildFile; fileRef = 18CCFD392088AA2300EAAF1C /* YFCompanyStoreVC.m */; };
		18CCFD422088AA2300EAAF1C /* YFCompany_Dynamic.m in Sources */ = {isa = PBXBuildFile; fileRef = 18CCFD3A2088AA2300EAAF1C /* YFCompany_Dynamic.m */; };
		18CCFD432088AA2300EAAF1C /* YFCompany_Content.m in Sources */ = {isa = PBXBuildFile; fileRef = 18CCFD3B2088AA2300EAAF1C /* YFCompany_Content.m */; };
		18CCFD442088AA2300EAAF1C /* YFCompany_AllGoods.m in Sources */ = {isa = PBXBuildFile; fileRef = 18CCFD3C2088AA2300EAAF1C /* YFCompany_AllGoods.m */; };
		18CCFD452088AA2300EAAF1C /* YFCompany_Home.m in Sources */ = {isa = PBXBuildFile; fileRef = 18CCFD402088AA2300EAAF1C /* YFCompany_Home.m */; };
		18CCFD482088AB4F00EAAF1C /* UIView+Category.m in Sources */ = {isa = PBXBuildFile; fileRef = 18CCFD472088AB4F00EAAF1C /* UIView+Category.m */; };
		18CCFD4B2088AB9900EAAF1C /* UIViewController+Category.m in Sources */ = {isa = PBXBuildFile; fileRef = 18CCFD492088AB9800EAAF1C /* UIViewController+Category.m */; };
		18CCFD4E2088AC3D00EAAF1C /* UILabel+Category.m in Sources */ = {isa = PBXBuildFile; fileRef = 18CCFD4C2088AC3D00EAAF1C /* UILabel+Category.m */; };
/* End PBXBuildFile section */

/* Begin PBXFileReference section */
		18CCFD122088A8AE00EAAF1C /* YFDemo_GoodsShop.app */ = {isa = PBXFileReference; explicitFileType = wrapper.application; includeInIndex = 0; path = YFDemo_GoodsShop.app; sourceTree = BUILT_PRODUCTS_DIR; };
		18CCFD152088A8AE00EAAF1C /* AppDelegate.h */ = {isa = PBXFileReference; lastKnownFileType = sourcecode.c.h; path = AppDelegate.h; sourceTree = "<group>"; };
		18CCFD162088A8AE00EAAF1C /* AppDelegate.m */ = {isa = PBXFileReference; lastKnownFileType = sourcecode.c.objc; path = AppDelegate.m; sourceTree = "<group>"; };
		18CCFD182088A8AE00EAAF1C /* ViewController.h */ = {isa = PBXFileReference; lastKnownFileType = sourcecode.c.h; path = ViewController.h; sourceTree = "<group>"; };
		18CCFD192088A8AE00EAAF1C /* ViewController.m */ = {isa = PBXFileReference; lastKnownFileType = sourcecode.c.objc; path = ViewController.m; sourceTree = "<group>"; };
		18CCFD1C2088A8AE00EAAF1C /* Base */ = {isa = PBXFileReference; lastKnownFileType = file.storyboard; name = Base; path = Base.lproj/Main.storyboard; sourceTree = "<group>"; };
		18CCFD1E2088A8AE00EAAF1C /* Assets.xcassets */ = {isa = PBXFileReference; lastKnownFileType = folder.assetcatalog; path = Assets.xcassets; sourceTree = "<group>"; };
		18CCFD212088A8AE00EAAF1C /* Base */ = {isa = PBXFileReference; lastKnownFileType = file.storyboard; name = Base; path = Base.lproj/LaunchScreen.storyboard; sourceTree = "<group>"; };
		18CCFD232088A8AE00EAAF1C /* Info.plist */ = {isa = PBXFileReference; lastKnownFileType = text.plist.xml; path = Info.plist; sourceTree = "<group>"; };
		18CCFD242088A8AE00EAAF1C /* main.m */ = {isa = PBXFileReference; lastKnownFileType = sourcecode.c.objc; path = main.m; sourceTree = "<group>"; };
		18CCFD2B2088A92700EAAF1C /* Config.pch */ = {isa = PBXFileReference; fileEncoding = 4; lastKnownFileType = sourcecode.c.h; path = Config.pch; sourceTree = "<group>"; };
		18CCFD2D2088A9CB00EAAF1C /* YFGoods_TCell3.h */ = {isa = PBXFileReference; fileEncoding = 4; lastKnownFileType = sourcecode.c.h; path = YFGoods_TCell3.h; sourceTree = "<group>"; };
		18CCFD2E2088A9CB00EAAF1C /* YFGoods_TCell3.m */ = {isa = PBXFileReference; fileEncoding = 4; lastKnownFileType = sourcecode.c.objc; path = YFGoods_TCell3.m; sourceTree = "<group>"; };
		18CCFD2F2088A9CB00EAAF1C /* YFStore_header.h */ = {isa = PBXFileReference; fileEncoding = 4; lastKnownFileType = sourcecode.c.h; path = YFStore_header.h; sourceTree = "<group>"; };
		18CCFD302088A9CB00EAAF1C /* YFStore_header.m */ = {isa = PBXFileReference; fileEncoding = 4; lastKnownFileType = sourcecode.c.objc; path = YFStore_header.m; sourceTree = "<group>"; };
		18CCFD312088A9CB00EAAF1C /* YFStore_SectionView.h */ = {isa = PBXFileReference; fileEncoding = 4; lastKnownFileType = sourcecode.c.h; path = YFStore_SectionView.h; sourceTree = "<group>"; };
		18CCFD322088A9CB00EAAF1C /* YFStore_SectionView.m */ = {isa = PBXFileReference; fileEncoding = 4; lastKnownFileType = sourcecode.c.objc; path = YFStore_SectionView.m; sourceTree = "<group>"; };
		18CCFD372088AA2200EAAF1C /* YFCompany_AllGoods.h */ = {isa = PBXFileReference; fileEncoding = 4; lastKnownFileType = sourcecode.c.h; path = YFCompany_AllGoods.h; sourceTree = "<group>"; };
		18CCFD382088AA2200EAAF1C /* YFCompany_Content.h */ = {isa = PBXFileReference; fileEncoding = 4; lastKnownFileType = sourcecode.c.h; path = YFCompany_Content.h; sourceTree = "<group>"; };
		18CCFD392088AA2300EAAF1C /* YFCompanyStoreVC.m */ = {isa = PBXFileReference; fileEncoding = 4; lastKnownFileType = sourcecode.c.objc; path = YFCompanyStoreVC.m; sourceTree = "<group>"; };
		18CCFD3A2088AA2300EAAF1C /* YFCompany_Dynamic.m */ = {isa = PBXFileReference; fileEncoding = 4; lastKnownFileType = sourcecode.c.objc; path = YFCompany_Dynamic.m; sourceTree = "<group>"; };
		18CCFD3B2088AA2300EAAF1C /* YFCompany_Content.m */ = {isa = PBXFileReference; fileEncoding = 4; lastKnownFileType = sourcecode.c.objc; path = YFCompany_Content.m; sourceTree = "<group>"; };
		18CCFD3C2088AA2300EAAF1C /* YFCompany_AllGoods.m */ = {isa = PBXFileReference; fileEncoding = 4; lastKnownFileType = sourcecode.c.objc; path = YFCompany_AllGoods.m; sourceTree = "<group>"; };
		18CCFD3D2088AA2300EAAF1C /* YFCompany_Home.h */ = {isa = PBXFileReference; fileEncoding = 4; lastKnownFileType = sourcecode.c.h; path = YFCompany_Home.h; sourceTree = "<group>"; };
		18CCFD3E2088AA2300EAAF1C /* YFCompany_Dynamic.h */ = {isa = PBXFileReference; fileEncoding = 4; lastKnownFileType = sourcecode.c.h; path = YFCompany_Dynamic.h; sourceTree = "<group>"; };
		18CCFD3F2088AA2300EAAF1C /* YFCompanyStoreVC.h */ = {isa = PBXFileReference; fileEncoding = 4; lastKnownFileType = sourcecode.c.h; path = YFCompanyStoreVC.h; sourceTree = "<group>"; };
		18CCFD402088AA2300EAAF1C /* YFCompany_Home.m */ = {isa = PBXFileReference; fileEncoding = 4; lastKnownFileType = sourcecode.c.objc; path = YFCompany_Home.m; sourceTree = "<group>"; };
		18CCFD462088AB4F00EAAF1C /* UIView+Category.h */ = {isa = PBXFileReference; fileEncoding = 4; lastKnownFileType = sourcecode.c.h; path = "UIView+Category.h"; sourceTree = "<group>"; };
		18CCFD472088AB4F00EAAF1C /* UIView+Category.m */ = {isa = PBXFileReference; fileEncoding = 4; lastKnownFileType = sourcecode.c.objc; path = "UIView+Category.m"; sourceTree = "<group>"; };
		18CCFD492088AB9800EAAF1C /* UIViewController+Category.m */ = {isa = PBXFileReference; fileEncoding = 4; lastKnownFileType = sourcecode.c.objc; path = "UIViewController+Category.m"; sourceTree = "<group>"; };
		18CCFD4A2088AB9800EAAF1C /* UIViewController+Category.h */ = {isa = PBXFileReference; fileEncoding = 4; lastKnownFileType = sourcecode.c.h; path = "UIViewController+Category.h"; sourceTree = "<group>"; };
		18CCFD4C2088AC3D00EAAF1C /* UILabel+Category.m */ = {isa = PBXFileReference; fileEncoding = 4; lastKnownFileType = sourcecode.c.objc; path = "UILabel+Category.m"; sourceTree = "<group>"; };
		18CCFD4D2088AC3D00EAAF1C /* UILabel+Category.h */ = {isa = PBXFileReference; fileEncoding = 4; lastKnownFileType = sourcecode.c.h; path = "UILabel+Category.h"; sourceTree = "<group>"; };
/* End PBXFileReference section */

/* Begin PBXFrameworksBuildPhase section */
		18CCFD0F2088A8AE00EAAF1C /* Frameworks */ = {
			isa = PBXFrameworksBuildPhase;
			buildActionMask = 2147483647;
			files = (
			);
			runOnlyForDeploymentPostprocessing = 0;
		};
/* End PBXFrameworksBuildPhase section */

/* Begin PBXGroup section */
		18CCFD092088A8AD00EAAF1C = {
			isa = PBXGroup;
			children = (
				18CCFD142088A8AE00EAAF1C /* YFDemo_GoodsShop */,
				18CCFD132088A8AE00EAAF1C /* Products */,
			);
			sourceTree = "<group>";
		};
		18CCFD132088A8AE00EAAF1C /* Products */ = {
			isa = PBXGroup;
			children = (
				18CCFD122088A8AE00EAAF1C /* YFDemo_GoodsShop.app */,
			);
			name = Products;
			sourceTree = "<group>";
		};
		18CCFD142088A8AE00EAAF1C /* YFDemo_GoodsShop */ = {
			isa = PBXGroup;
			children = (
				18CCFD152088A8AE00EAAF1C /* AppDelegate.h */,
				18CCFD162088A8AE00EAAF1C /* AppDelegate.m */,
				18CCFD182088A8AE00EAAF1C /* ViewController.h */,
				18CCFD192088A8AE00EAAF1C /* ViewController.m */,
				18CCFD362088AA0400EAAF1C /* VC */,
				18CCFD2C2088A9CB00EAAF1C /* 企业店铺 */,
				18CCFD1B2088A8AE00EAAF1C /* Main.storyboard */,
				18CCFD2B2088A92700EAAF1C /* Config.pch */,
				18CCFD4A2088AB9800EAAF1C /* UIViewController+Category.h */,
				18CCFD492088AB9800EAAF1C /* UIViewController+Category.m */,
				18CCFD462088AB4F00EAAF1C /* UIView+Category.h */,
				18CCFD472088AB4F00EAAF1C /* UIView+Category.m */,
				18CCFD4D2088AC3D00EAAF1C /* UILabel+Category.h */,
				18CCFD4C2088AC3D00EAAF1C /* UILabel+Category.m */,
				18CCFD1E2088A8AE00EAAF1C /* Assets.xcassets */,
				18CCFD202088A8AE00EAAF1C /* LaunchScreen.storyboard */,
				18CCFD232088A8AE00EAAF1C /* Info.plist */,
				18CCFD242088A8AE00EAAF1C /* main.m */,
			);
			path = YFDemo_GoodsShop;
			sourceTree = "<group>";
		};
		18CCFD2C2088A9CB00EAAF1C /* 企业店铺 */ = {
			isa = PBXGroup;
			children = (
				18CCFD2D2088A9CB00EAAF1C /* YFGoods_TCell3.h */,
				18CCFD2E2088A9CB00EAAF1C /* YFGoods_TCell3.m */,
				18CCFD2F2088A9CB00EAAF1C /* YFStore_header.h */,
				18CCFD302088A9CB00EAAF1C /* YFStore_header.m */,
				18CCFD312088A9CB00EAAF1C /* YFStore_SectionView.h */,
				18CCFD322088A9CB00EAAF1C /* YFStore_SectionView.m */,
			);
			path = "企业店铺";
			sourceTree = "<group>";
		};
		18CCFD362088AA0400EAAF1C /* VC */ = {
			isa = PBXGroup;
			children = (
				18CCFD3F2088AA2300EAAF1C /* YFCompanyStoreVC.h */,
				18CCFD392088AA2300EAAF1C /* YFCompanyStoreVC.m */,
				18CCFD3D2088AA2300EAAF1C /* YFCompany_Home.h */,
				18CCFD402088AA2300EAAF1C /* YFCompany_Home.m */,
				18CCFD372088AA2200EAAF1C /* YFCompany_AllGoods.h */,
				18CCFD3C2088AA2300EAAF1C /* YFCompany_AllGoods.m */,
				18CCFD3E2088AA2300EAAF1C /* YFCompany_Dynamic.h */,
				18CCFD3A2088AA2300EAAF1C /* YFCompany_Dynamic.m */,
				18CCFD382088AA2200EAAF1C /* YFCompany_Content.h */,
				18CCFD3B2088AA2300EAAF1C /* YFCompany_Content.m */,
			);
			path = VC;
			sourceTree = "<group>";
		};
/* End PBXGroup section */

/* Begin PBXNativeTarget section */
		18CCFD112088A8AE00EAAF1C /* YFDemo_GoodsShop */ = {
			isa = PBXNativeTarget;
			buildConfigurationList = 18CCFD282088A8AE00EAAF1C /* Build configuration list for PBXNativeTarget "YFDemo_GoodsShop" */;
			buildPhases = (
				18CCFD0E2088A8AE00EAAF1C /* Sources */,
				18CCFD0F2088A8AE00EAAF1C /* Frameworks */,
				18CCFD102088A8AE00EAAF1C /* Resources */,
			);
			buildRules = (
			);
			dependencies = (
			);
			name = YFDemo_GoodsShop;
			productName = YFDemo_GoodsShop;
			productReference = 18CCFD122088A8AE00EAAF1C /* YFDemo_GoodsShop.app */;
			productType = "com.apple.product-type.application";
		};
/* End PBXNativeTarget section */

/* Begin PBXProject section */
		18CCFD0A2088A8AD00EAAF1C /* Project object */ = {
			isa = PBXProject;
			attributes = {
				LastUpgradeCheck = 0920;
				ORGANIZATIONNAME = yafei;
				TargetAttributes = {
					18CCFD112088A8AE00EAAF1C = {
						CreatedOnToolsVersion = 9.2;
						ProvisioningStyle = Automatic;
					};
				};
			};
			buildConfigurationList = 18CCFD0D2088A8AD00EAAF1C /* Build configuration list for PBXProject "YFDemo_GoodsShop" */;
			compatibilityVersion = "Xcode 8.0";
			developmentRegion = en;
			hasScannedForEncodings = 0;
			knownRegions = (
				en,
				Base,
			);
			mainGroup = 18CCFD092088A8AD00EAAF1C;
			productRefGroup = 18CCFD132088A8AE00EAAF1C /* Products */;
			projectDirPath = "";
			projectRoot = "";
			targets = (
				18CCFD112088A8AE00EAAF1C /* YFDemo_GoodsShop */,
			);
		};
/* End PBXProject section */

/* Begin PBXResourcesBuildPhase section */
		18CCFD102088A8AE00EAAF1C /* Resources */ = {
			isa = PBXResourcesBuildPhase;
			buildActionMask = 2147483647;
			files = (
				18CCFD222088A8AE00EAAF1C /* LaunchScreen.storyboard in Resources */,
				18CCFD1F2088A8AE00EAAF1C /* Assets.xcassets in Resources */,
				18CCFD1D2088A8AE00EAAF1C /* Main.storyboard in Resources */,
			);
			runOnlyForDeploymentPostprocessing = 0;
		};
/* End PBXResourcesBuildPhase section */

/* Begin PBXSourcesBuildPhase section */
		18CCFD0E2088A8AE00EAAF1C /* Sources */ = {
			isa = PBXSourcesBuildPhase;
			buildActionMask = 2147483647;
			files = (
				18CCFD422088AA2300EAAF1C /* YFCompany_Dynamic.m in Sources */,
				18CCFD442088AA2300EAAF1C /* YFCompany_AllGoods.m in Sources */,
				18CCFD332088A9CB00EAAF1C /* YFGoods_TCell3.m in Sources */,
				18CCFD1A2088A8AE00EAAF1C /* ViewController.m in Sources */,
				18CCFD252088A8AE00EAAF1C /* main.m in Sources */,
				18CCFD412088AA2300EAAF1C /* YFCompanyStoreVC.m in Sources */,
				18CCFD342088A9CB00EAAF1C /* YFStore_header.m in Sources */,
				18CCFD432088AA2300EAAF1C /* YFCompany_Content.m in Sources */,
				18CCFD452088AA2300EAAF1C /* YFCompany_Home.m in Sources */,
				18CCFD172088A8AE00EAAF1C /* AppDelegate.m in Sources */,
				18CCFD4B2088AB9900EAAF1C /* UIViewController+Category.m in Sources */,
				18CCFD482088AB4F00EAAF1C /* UIView+Category.m in Sources */,
				18CCFD4E2088AC3D00EAAF1C /* UILabel+Category.m in Sources */,
				18CCFD352088A9CB00EAAF1C /* YFStore_SectionView.m in Sources */,
			);
			runOnlyForDeploymentPostprocessing = 0;
		};
/* End PBXSourcesBuildPhase section */

/* Begin PBXVariantGroup section */
		18CCFD1B2088A8AE00EAAF1C /* Main.storyboard */ = {
			isa = PBXVariantGroup;
			children = (
				18CCFD1C2088A8AE00EAAF1C /* Base */,
			);
			name = Main.storyboard;
			sourceTree = "<group>";
		};
		18CCFD202088A8AE00EAAF1C /* LaunchScreen.storyboard */ = {
			isa = PBXVariantGroup;
			children = (
				18CCFD212088A8AE00EAAF1C /* Base */,
			);
			name = LaunchScreen.storyboard;
			sourceTree = "<group>";
		};
/* End PBXVariantGroup section */

/* Begin XCBuildConfiguration section */
		18CCFD262088A8AE00EAAF1C /* Debug */ = {
			isa = XCBuildConfiguration;
			buildSettings = {
				ALWAYS_SEARCH_USER_PATHS = NO;
				CLANG_ANALYZER_NONNULL = YES;
				CLANG_ANALYZER_NUMBER_OBJECT_CONVERSION = YES_AGGRESSIVE;
				CLANG_CXX_LANGUAGE_STANDARD = "gnu++14";
				CLANG_CXX_LIBRARY = "libc++";
				CLANG_ENABLE_MODULES = YES;
				CLANG_ENABLE_OBJC_ARC = YES;
				CLANG_WARN_BLOCK_CAPTURE_AUTORELEASING = YES;
				CLANG_WARN_BOOL_CONVERSION = YES;
				CLANG_WARN_COMMA = YES;
				CLANG_WARN_CONSTANT_CONVERSION = YES;
				CLANG_WARN_DIRECT_OBJC_ISA_USAGE = YES_ERROR;
				CLANG_WARN_DOCUMENTATION_COMMENTS = YES;
				CLANG_WARN_EMPTY_BODY = YES;
				CLANG_WARN_ENUM_CONVERSION = YES;
				CLANG_WARN_INFINITE_RECURSION = YES;
				CLANG_WARN_INT_CONVERSION = YES;
				CLANG_WARN_NON_LITERAL_NULL_CONVERSION = YES;
				CLANG_WARN_OBJC_LITERAL_CONVERSION = YES;
				CLANG_WARN_OBJC_ROOT_CLASS = YES_ERROR;
				CLANG_WARN_RANGE_LOOP_ANALYSIS = YES;
				CLANG_WARN_STRICT_PROTOTYPES = YES;
				CLANG_WARN_SUSPICIOUS_MOVE = YES;
				CLANG_WARN_UNGUARDED_AVAILABILITY = YES_AGGRESSIVE;
				CLANG_WARN_UNREACHABLE_CODE = YES;
				CLANG_WARN__DUPLICATE_METHOD_MATCH = YES;
				CODE_SIGN_IDENTITY = "iPhone Developer";
				COPY_PHASE_STRIP = NO;
				DEBUG_INFORMATION_FORMAT = dwarf;
				ENABLE_STRICT_OBJC_MSGSEND = YES;
				ENABLE_TESTABILITY = YES;
				GCC_C_LANGUAGE_STANDARD = gnu11;
				GCC_DYNAMIC_NO_PIC = NO;
				GCC_NO_COMMON_BLOCKS = YES;
				GCC_OPTIMIZATION_LEVEL = 0;
				GCC_PREPROCESSOR_DEFINITIONS = (
					"DEBUG=1",
					"$(inherited)",
				);
				GCC_WARN_64_TO_32_BIT_CONVERSION = YES;
				GCC_WARN_ABOUT_RETURN_TYPE = YES_ERROR;
				GCC_WARN_UNDECLARED_SELECTOR = YES;
				GCC_WARN_UNINITIALIZED_AUTOS = YES_AGGRESSIVE;
				GCC_WARN_UNUSED_FUNCTION = YES;
				GCC_WARN_UNUSED_VARIABLE = YES;
				IPHONEOS_DEPLOYMENT_TARGET = 11.2;
				MTL_ENABLE_DEBUG_INFO = YES;
				ONLY_ACTIVE_ARCH = YES;
				SDKROOT = iphoneos;
			};
			name = Debug;
		};
		18CCFD272088A8AE00EAAF1C /* Release */ = {
			isa = XCBuildConfiguration;
			buildSettings = {
				ALWAYS_SEARCH_USER_PATHS = NO;
				CLANG_ANALYZER_NONNULL = YES;
				CLANG_ANALYZER_NUMBER_OBJECT_CONVERSION = YES_AGGRESSIVE;
				CLANG_CXX_LANGUAGE_STANDARD = "gnu++14";
				CLANG_CXX_LIBRARY = "libc++";
				CLANG_ENABLE_MODULES = YES;
				CLANG_ENABLE_OBJC_ARC = YES;
				CLANG_WARN_BLOCK_CAPTURE_AUTORELEASING = YES;
				CLANG_WARN_BOOL_CONVERSION = YES;
				CLANG_WARN_COMMA = YES;
				CLANG_WARN_CONSTANT_CONVERSION = YES;
				CLANG_WARN_DIRECT_OBJC_ISA_USAGE = YES_ERROR;
				CLANG_WARN_DOCUMENTATION_COMMENTS = YES;
				CLANG_WARN_EMPTY_BODY = YES;
				CLANG_WARN_ENUM_CONVERSION = YES;
				CLANG_WARN_INFINITE_RECURSION = YES;
				CLANG_WARN_INT_CONVERSION = YES;
				CLANG_WARN_NON_LITERAL_NULL_CONVERSION = YES;
				CLANG_WARN_OBJC_LITERAL_CONVERSION = YES;
				CLANG_WARN_OBJC_ROOT_CLASS = YES_ERROR;
				CLANG_WARN_RANGE_LOOP_ANALYSIS = YES;
				CLANG_WARN_STRICT_PROTOTYPES = YES;
				CLANG_WARN_SUSPICIOUS_MOVE = YES;
				CLANG_WARN_UNGUARDED_AVAILABILITY = YES_AGGRESSIVE;
				CLANG_WARN_UNREACHABLE_CODE = YES;
				CLANG_WARN__DUPLICATE_METHOD_MATCH = YES;
				CODE_SIGN_IDENTITY = "iPhone Developer";
				COPY_PHASE_STRIP = NO;
				DEBUG_INFORMATION_FORMAT = "dwarf-with-dsym";
				ENABLE_NS_ASSERTIONS = NO;
				ENABLE_STRICT_OBJC_MSGSEND = YES;
				GCC_C_LANGUAGE_STANDARD = gnu11;
				GCC_NO_COMMON_BLOCKS = YES;
				GCC_WARN_64_TO_32_BIT_CONVERSION = YES;
				GCC_WARN_ABOUT_RETURN_TYPE = YES_ERROR;
				GCC_WARN_UNDECLARED_SELECTOR = YES;
				GCC_WARN_UNINITIALIZED_AUTOS = YES_AGGRESSIVE;
				GCC_WARN_UNUSED_FUNCTION = YES;
				GCC_WARN_UNUSED_VARIABLE = YES;
				IPHONEOS_DEPLOYMENT_TARGET = 11.2;
				MTL_ENABLE_DEBUG_INFO = NO;
				SDKROOT = iphoneos;
				VALIDATE_PRODUCT = YES;
			};
			name = Release;
		};
		18CCFD292088A8AE00EAAF1C /* Debug */ = {
			isa = XCBuildConfiguration;
			buildSettings = {
				ASSETCATALOG_COMPILER_APPICON_NAME = AppIcon;
				CODE_SIGN_STYLE = Automatic;
				DEVELOPMENT_TEAM = K36LPBJ5XL;
				GCC_PRECOMPILE_PREFIX_HEADER = YES;
				GCC_PREFIX_HEADER = "$(SRCROOT)/YFDemo_GoodsShop/Config.pch";
				INFOPLIST_FILE = YFDemo_GoodsShop/Info.plist;
				LD_RUNPATH_SEARCH_PATHS = "$(inherited) @executable_path/Frameworks";
				PRODUCT_BUNDLE_IDENTIFIER = "com.adpanshi.renzheng.YFDemo-GoodsShop";
				PRODUCT_NAME = "$(TARGET_NAME)";
				TARGETED_DEVICE_FAMILY = "1,2";
			};
			name = Debug;
		};
		18CCFD2A2088A8AE00EAAF1C /* Release */ = {
			isa = XCBuildConfiguration;
			buildSettings = {
				ASSETCATALOG_COMPILER_APPICON_NAME = AppIcon;
				CODE_SIGN_STYLE = Automatic;
				DEVELOPMENT_TEAM = K36LPBJ5XL;
				GCC_PRECOMPILE_PREFIX_HEADER = YES;
				GCC_PREFIX_HEADER = "$(SRCROOT)/YFDemo_GoodsShop/Config.pch";
				INFOPLIST_FILE = YFDemo_GoodsShop/Info.plist;
				LD_RUNPATH_SEARCH_PATHS = "$(inherited) @executable_path/Frameworks";
				PRODUCT_BUNDLE_IDENTIFIER = "com.adpanshi.renzheng.YFDemo-GoodsShop";
				PRODUCT_NAME = "$(TARGET_NAME)";
				TARGETED_DEVICE_FAMILY = "1,2";
			};
			name = Release;
		};
/* End XCBuildConfiguration section */

/* Begin XCConfigurationList section */
		18CCFD0D2088A8AD00EAAF1C /* Build configuration list for PBXProject "YFDemo_GoodsShop" */ = {
			isa = XCConfigurationList;
			buildConfigurations = (
				18CCFD262088A8AE00EAAF1C /* Debug */,
				18CCFD272088A8AE00EAAF1C /* Release */,
			);
			defaultConfigurationIsVisible = 0;
			defaultConfigurationName = Release;
		};
		18CCFD282088A8AE00EAAF1C /* Build configuration list for PBXNativeTarget "YFDemo_GoodsShop" */ = {
			isa = XCConfigurationList;
			buildConfigurations = (
				18CCFD292088A8AE00EAAF1C /* Debug */,
				18CCFD2A2088A8AE00EAAF1C /* Release */,
			);
			defaultConfigurationIsVisible = 0;
			defaultConfigurationName = Release;
		};
/* End XCConfigurationList section */
	};
	rootObject = 18CCFD0A2088A8AD00EAAF1C /* Project object */;
}
